<Solution>
  <Folder Name="/Documentation/">
    <File Path="microsoft-learn.md" />
  </Folder>
  <Folder Name="/Github/">
    <File Path=".gitignore" />
  </Folder>
  <Folder Name="/Github/AI/">
    <File Path=".github/agents/css-theme-agent.md" />
    <File Path=".github/copilot-instructions.md" />
    <File Path=".github/skills/css-theme-enforcer/SKILL.md" />
  </Folder>
  <Folder Name="/Github/Workflows/">
    <File Path=".github/workflows/build.yml" />
    <File Path=".github/workflows/Deploy-Development.yml" />
    <File Path=".github/workflows/Deploy-Production.yml" />
    <File Path=".github/workflows/Deploy-Test.yml" />
  </Folder>
  <Folder Name="/Solution Items/">
    <File Path=".dockerignore" />
    <File Path=".editorconfig" />
    <File Path="Dockerfile" />
    <File Path="README.md" />
  </Folder>
  <Folder Name="/WireFrames/">
    <File Path="Wireframes/BankingDashboard.png" />
    <File Path="Wireframes/Banks.png" />
    <File Path="Wireframes/DashboardV1.html" />
    <File Path="Wireframes/DashboardV1.png" />
    <File Path="Wireframes/Fridge.html" />
    <File Path="Wireframes/Fridges.png" />
    <File Path="Wireframes/Groups.html" />
    <File Path="Wireframes/Groups.png" />
    <File Path="Wireframes/LoginV1.html" />
    <File Path="Wireframes/LoginV1.png" />
    <File Path="Wireframes/Moopel Frontend Product Requirements Document.md" />
    <File Path="Wireframes/NewFridge.html" />
    <File Path="Wireframes/NewFridge.png" />
    <File Path="Wireframes/NewFridgeItem.html" />
    <File Path="Wireframes/NewFridgeItem.png" />
    <File Path="Wireframes/NewGroup.html" />
    <File Path="Wireframes/NewGroup.png" />
    <File Path="Wireframes/NewStorage.html" />
    <File Path="Wireframes/NewStorage.png" />
    <File Path="Wireframes/NewStorageItem.html" />
    <File Path="Wireframes/NewStorageItem.png" />
    <File Path="Wireframes/NewTag.html" />
    <File Path="Wireframes/NewTag.png" />
    <File Path="Wireframes/NewTransaction.html" />
    <File Path="Wireframes/NewTransaction.png" />
    <File Path="Wireframes/NewWorkItem.png" />
    <File Path="Wireframes/Notes.png" />
    <File Path="Wireframes/RegisterV1.html" />
    <File Path="Wireframes/RegisterV1.png" />
    <File Path="Wireframes/SettingsV1.html" />
    <File Path="Wireframes/SettingsV1.png" />
    <File Path="Wireframes/Storage.html" />
    <File Path="Wireframes/Tags.html" />
    <File Path="Wireframes/Tags.png" />
    <File Path="Wireframes/Transactions.html" />
    <File Path="Wireframes/Transactions.png" />
    <File Path="Wireframes/WorkItems.png" />
  </Folder>
  <Project Path="MoopelFrontend.Client/MoopelFrontend.Client.csproj" />
  <Project Path="MoopelFrontend.Shared/MoopelFrontend.Shared.csproj" />
  <Project Path="MoopelFrontend.Tests/MoopelFrontend.Tests.csproj" />
  <Project Path="MoopelFrontend/MoopelFrontend.csproj" />
</Solution>
