<Solution>
  <Folder Name="/Documentation/">
    <File Path="microsoft-learn.md" />
  </Folder>
  <Folder Name="/Github/">
    <File Path=".gitignore" />
  </Folder>
  <Folder Name="/Github/AI/">
    <File Path=".github/copilot-instructions.md" />
  </Folder>
  <Folder Name="/Solution Items/">
    <File Path=".editorconfig" />
    <File Path="README.md" />
  </Folder>
  <Folder Name="/WireFrames/">
    <File Path="Wireframes/DashboardV1.html" />
    <File Path="Wireframes/DashboardV1.png" />
    <File Path="Wireframes/LoginV1.html" />
    <File Path="Wireframes/LoginV1.png" />
    <File Path="Wireframes/RegisterV1.html" />
    <File Path="Wireframes/RegisterV1.png" />
    <File Path="Wireframes/SettingsV1.html" />
    <File Path="Wireframes/SettingsV1.png" />
  </Folder>
  <Project Path="MoopelFrontend.Client/MoopelFrontend.Client.csproj" />
  <Project Path="MoopelFrontend.Shared/MoopelFrontend.Shared.csproj" />
  <Project Path="MoopelFrontend.Tests/MoopelFrontend.Tests.csproj" />
  <Project Path="MoopelFrontend/MoopelFrontend.csproj" />
</Solution>
